// !$*UTF8*$!
{
	archiveVersion = 1;
	classes = {
	};
	objectVersion = 51;
	objects = {

/* Begin PBXBuildFile section */
		5386F0E619A723EFF199BB26 /* Pods_MeliProductsTests.framework in Frameworks */ = {isa = PBXBuildFile; fileRef = B4DB3318A41BE45BC6A8152F /* Pods_MeliProductsTests.framework */; };
		DBAC6EC05B4FF379DEFF9BE6 /* Pods_MeliProducts.framework in Frameworks */ = {isa = PBXBuildFile; fileRef = 98769A6A324F76F54A7B6502 /* Pods_MeliProducts.framework */; };
		EF28CC1D22C8A1B200BBBCBA /* EnvironmentSetting.swift in Sources */ = {isa = PBXBuildFile; fileRef = EF28CC1C22C8A1B200BBBCBA /* EnvironmentSetting.swift */; };
		EF28CC2122C8AE3100BBBCBA /* Product.swift in Sources */ = {isa = PBXBuildFile; fileRef = EF28CC2022C8AE3100BBBCBA /* Product.swift */; };
		EF2AF68922D11C320071B00F /* ProductListViewControllerSpec.swift in Sources */ = {isa = PBXBuildFile; fileRef = EF2AF68822D11C320071B00F /* ProductListViewControllerSpec.swift */; };
		EF2AF68C22D11D080071B00F /* ProductDetailViewControllerSpec.swift in Sources */ = {isa = PBXBuildFile; fileRef = EF2AF68B22D11D080071B00F /* ProductDetailViewControllerSpec.swift */; };
		EF39BFCB22C8D19200BE9F2D /* ProductServiceMock.swift in Sources */ = {isa = PBXBuildFile; fileRef = EF39BFCA22C8D19200BE9F2D /* ProductServiceMock.swift */; };
		EF39BFCD22C8D1D400BE9F2D /* ProductServiceProtocol.swift in Sources */ = {isa = PBXBuildFile; fileRef = EF39BFCC22C8D1D400BE9F2D /* ProductServiceProtocol.swift */; };
		EF39BFCF22C94A8800BE9F2D /* ProductList.swift in Sources */ = {isa = PBXBuildFile; fileRef = EF39BFCE22C94A8800BE9F2D /* ProductList.swift */; };
		EF5A0D5422CADB0A004BF9E3 /* Coordinator.swift in Sources */ = {isa = PBXBuildFile; fileRef = EF5A0D5322CADB0A004BF9E3 /* Coordinator.swift */; };
		EF5A0D5622CADB1B004BF9E3 /* AppCoordinator.swift in Sources */ = {isa = PBXBuildFile; fileRef = EF5A0D5522CADB1B004BF9E3 /* AppCoordinator.swift */; };
		EF9CC82E22C883FF0012D810 /* ApiClient.swift in Sources */ = {isa = PBXBuildFile; fileRef = EF9CC82D22C883FF0012D810 /* ApiClient.swift */; };
		EF9CC83422C88D7A0012D810 /* Router.swift in Sources */ = {isa = PBXBuildFile; fileRef = EF9CC83322C88D7A0012D810 /* Router.swift */; };
		EF9CC83622C88D8E0012D810 /* ProductRouter.swift in Sources */ = {isa = PBXBuildFile; fileRef = EF9CC83522C88D8E0012D810 /* ProductRouter.swift */; };
		EF9CC83822C88DA40012D810 /* ProductService.swift in Sources */ = {isa = PBXBuildFile; fileRef = EF9CC83722C88DA40012D810 /* ProductService.swift */; };
		EFA4859422C9979E00267804 /* ProductListView.swift in Sources */ = {isa = PBXBuildFile; fileRef = EFA4859322C9979E00267804 /* ProductListView.swift */; };
		EFA4859622C997AC00267804 /* ProductListViewModel.swift in Sources */ = {isa = PBXBuildFile; fileRef = EFA4859522C997AC00267804 /* ProductListViewModel.swift */; };
		EFA4859B22C99F7100267804 /* ProductCellView.swift in Sources */ = {isa = PBXBuildFile; fileRef = EFA4859A22C99F7100267804 /* ProductCellView.swift */; };
		EFA4859D22C9ABD500267804 /* ProductDetailViewController.swift in Sources */ = {isa = PBXBuildFile; fileRef = EFA4859C22C9ABD500267804 /* ProductDetailViewController.swift */; };
		EFA4859F22C9ABDF00267804 /* ProductDetailViewModel.swift in Sources */ = {isa = PBXBuildFile; fileRef = EFA4859E22C9ABDF00267804 /* ProductDetailViewModel.swift */; };
		EFA485A122C9ABE600267804 /* ProductDetailView.swift in Sources */ = {isa = PBXBuildFile; fileRef = EFA485A022C9ABE600267804 /* ProductDetailView.swift */; };
		EFA485A322C9AC2F00267804 /* ProductListAdapter.swift in Sources */ = {isa = PBXBuildFile; fileRef = EFA485A222C9AC2F00267804 /* ProductListAdapter.swift */; };
		EFAF39C122C84C8800D0DC52 /* AppDelegate.swift in Sources */ = {isa = PBXBuildFile; fileRef = EFAF39C022C84C8800D0DC52 /* AppDelegate.swift */; };
		EFAF39C322C84C8800D0DC52 /* ProductListViewController.swift in Sources */ = {isa = PBXBuildFile; fileRef = EFAF39C222C84C8800D0DC52 /* ProductListViewController.swift */; };
		EFAF39C822C84C8A00D0DC52 /* Assets.xcassets in Resources */ = {isa = PBXBuildFile; fileRef = EFAF39C722C84C8A00D0DC52 /* Assets.xcassets */; };
		EFAF39CB22C84C8A00D0DC52 /* LaunchScreen.storyboard in Resources */ = {isa = PBXBuildFile; fileRef = EFAF39C922C84C8A00D0DC52 /* LaunchScreen.storyboard */; };
		EFAF39D622C84C8A00D0DC52 /* MeliProductsTests.swift in Sources */ = {isa = PBXBuildFile; fileRef = EFAF39D522C84C8A00D0DC52 /* MeliProductsTests.swift */; };
		EFB5C2D122D3BF51009183A5 /* EmptyListView.swift in Sources */ = {isa = PBXBuildFile; fileRef = EFB5C2D022D3BF51009183A5 /* EmptyListView.swift */; };
		EFD9E8CD22CC11650065DF12 /* UIColor+AppColors.swift in Sources */ = {isa = PBXBuildFile; fileRef = EFD9E8CC22CC11650065DF12 /* UIColor+AppColors.swift */; };
		EFD9E8D222CC14020065DF12 /* ViewCodable.swift in Sources */ = {isa = PBXBuildFile; fileRef = EFD9E8D122CC14020065DF12 /* ViewCodable.swift */; };
		EFDC808F22CC1DAC00463583 /* Picture.swift in Sources */ = {isa = PBXBuildFile; fileRef = EFDC808E22CC1DAC00463583 /* Picture.swift */; };
		EFE9248322D41D9000611AF5 /* LoadingView.swift in Sources */ = {isa = PBXBuildFile; fileRef = EFE9248222D41D9000611AF5 /* LoadingView.swift */; };
		EFE9248522D41E2100611AF5 /* LoadingView+UIViewController.swift in Sources */ = {isa = PBXBuildFile; fileRef = EFE9248422D41E2100611AF5 /* LoadingView+UIViewController.swift */; };
		EFE9248822D45AEE00611AF5 /* Loader.swift in Sources */ = {isa = PBXBuildFile; fileRef = EFE9248722D45AEE00611AF5 /* Loader.swift */; };
		EFE9248B22D45CB900611AF5 /* TvSearch.json in Resources */ = {isa = PBXBuildFile; fileRef = EFE9248622D4579600611AF5 /* TvSearch.json */; };
/* End PBXBuildFile section */

/* Begin PBXContainerItemProxy section */
		EFAF39D222C84C8A00D0DC52 /* PBXContainerItemProxy */ = {
			isa = PBXContainerItemProxy;
			containerPortal = EFAF39B522C84C8800D0DC52 /* Project object */;
			proxyType = 1;
			remoteGlobalIDString = EFAF39BC22C84C8800D0DC52;
			remoteInfo = MeliProducts;
		};
/* End PBXContainerItemProxy section */

/* Begin PBXFileReference section */
		0C7449433C30D7AEEC0280FA /* Pods-MeliProductsTests.develop.xcconfig */ = {isa = PBXFileReference; includeInIndex = 1; lastKnownFileType = text.xcconfig; name = "Pods-MeliProductsTests.develop.xcconfig"; path = "Target Support Files/Pods-MeliProductsTests/Pods-MeliProductsTests.develop.xcconfig"; sourceTree = "<group>"; };
		321EE9DD74A5E22BC2BEC055 /* Pods-MeliProductsTests.deploy.xcconfig */ = {isa = PBXFileReference; includeInIndex = 1; lastKnownFileType = text.xcconfig; name = "Pods-MeliProductsTests.deploy.xcconfig"; path = "Target Support Files/Pods-MeliProductsTests/Pods-MeliProductsTests.deploy.xcconfig"; sourceTree = "<group>"; };
		58BCF3CF3483590B68981CCB /* Pods-MeliProducts.debug.xcconfig */ = {isa = PBXFileReference; includeInIndex = 1; lastKnownFileType = text.xcconfig; name = "Pods-MeliProducts.debug.xcconfig"; path = "Target Support Files/Pods-MeliProducts/Pods-MeliProducts.debug.xcconfig"; sourceTree = "<group>"; };
		6EB6E42A3AF352F74561EF4E /* Pods-MeliProducts.develop.xcconfig */ = {isa = PBXFileReference; includeInIndex = 1; lastKnownFileType = text.xcconfig; name = "Pods-MeliProducts.develop.xcconfig"; path = "Target Support Files/Pods-MeliProducts/Pods-MeliProducts.develop.xcconfig"; sourceTree = "<group>"; };
		78FA58174BB509144F0C51D7 /* Pods-MeliProducts.release.xcconfig */ = {isa = PBXFileReference; includeInIndex = 1; lastKnownFileType = text.xcconfig; name = "Pods-MeliProducts.release.xcconfig"; path = "Target Support Files/Pods-MeliProducts/Pods-MeliProducts.release.xcconfig"; sourceTree = "<group>"; };
		9510264ACB4909D722120565 /* Pods-MeliProductsTests.release.xcconfig */ = {isa = PBXFileReference; includeInIndex = 1; lastKnownFileType = text.xcconfig; name = "Pods-MeliProductsTests.release.xcconfig"; path = "Target Support Files/Pods-MeliProductsTests/Pods-MeliProductsTests.release.xcconfig"; sourceTree = "<group>"; };
		98769A6A324F76F54A7B6502 /* Pods_MeliProducts.framework */ = {isa = PBXFileReference; explicitFileType = wrapper.framework; includeInIndex = 0; path = Pods_MeliProducts.framework; sourceTree = BUILT_PRODUCTS_DIR; };
		AD96AA43B4524B05E55AEA31 /* Pods-MeliProducts.deploy.xcconfig */ = {isa = PBXFileReference; includeInIndex = 1; lastKnownFileType = text.xcconfig; name = "Pods-MeliProducts.deploy.xcconfig"; path = "Target Support Files/Pods-MeliProducts/Pods-MeliProducts.deploy.xcconfig"; sourceTree = "<group>"; };
		B3CF499E3FFF61A658F7E9B5 /* Pods-MeliProductsTests.debug.xcconfig */ = {isa = PBXFileReference; includeInIndex = 1; lastKnownFileType = text.xcconfig; name = "Pods-MeliProductsTests.debug.xcconfig"; path = "Target Support Files/Pods-MeliProductsTests/Pods-MeliProductsTests.debug.xcconfig"; sourceTree = "<group>"; };
		B4DB3318A41BE45BC6A8152F /* Pods_MeliProductsTests.framework */ = {isa = PBXFileReference; explicitFileType = wrapper.framework; includeInIndex = 0; path = Pods_MeliProductsTests.framework; sourceTree = BUILT_PRODUCTS_DIR; };
		EF28CC1C22C8A1B200BBBCBA /* EnvironmentSetting.swift */ = {isa = PBXFileReference; lastKnownFileType = sourcecode.swift; path = EnvironmentSetting.swift; sourceTree = "<group>"; };
		EF28CC2022C8AE3100BBBCBA /* Product.swift */ = {isa = PBXFileReference; lastKnownFileType = sourcecode.swift; path = Product.swift; sourceTree = "<group>"; };
		EF2AF68822D11C320071B00F /* ProductListViewControllerSpec.swift */ = {isa = PBXFileReference; lastKnownFileType = sourcecode.swift; path = ProductListViewControllerSpec.swift; sourceTree = "<group>"; };
		EF2AF68B22D11D080071B00F /* ProductDetailViewControllerSpec.swift */ = {isa = PBXFileReference; lastKnownFileType = sourcecode.swift; path = ProductDetailViewControllerSpec.swift; sourceTree = "<group>"; };
		EF39BFCA22C8D19200BE9F2D /* ProductServiceMock.swift */ = {isa = PBXFileReference; lastKnownFileType = sourcecode.swift; path = ProductServiceMock.swift; sourceTree = "<group>"; };
		EF39BFCC22C8D1D400BE9F2D /* ProductServiceProtocol.swift */ = {isa = PBXFileReference; lastKnownFileType = sourcecode.swift; path = ProductServiceProtocol.swift; sourceTree = "<group>"; };
		EF39BFCE22C94A8800BE9F2D /* ProductList.swift */ = {isa = PBXFileReference; lastKnownFileType = sourcecode.swift; path = ProductList.swift; sourceTree = "<group>"; };
		EF5A0D5322CADB0A004BF9E3 /* Coordinator.swift */ = {isa = PBXFileReference; lastKnownFileType = sourcecode.swift; path = Coordinator.swift; sourceTree = "<group>"; };
		EF5A0D5522CADB1B004BF9E3 /* AppCoordinator.swift */ = {isa = PBXFileReference; lastKnownFileType = sourcecode.swift; path = AppCoordinator.swift; sourceTree = "<group>"; };
		EF9CC82D22C883FF0012D810 /* ApiClient.swift */ = {isa = PBXFileReference; lastKnownFileType = sourcecode.swift; path = ApiClient.swift; sourceTree = "<group>"; };
		EF9CC83322C88D7A0012D810 /* Router.swift */ = {isa = PBXFileReference; lastKnownFileType = sourcecode.swift; path = Router.swift; sourceTree = "<group>"; };
		EF9CC83522C88D8E0012D810 /* ProductRouter.swift */ = {isa = PBXFileReference; lastKnownFileType = sourcecode.swift; path = ProductRouter.swift; sourceTree = "<group>"; };
		EF9CC83722C88DA40012D810 /* ProductService.swift */ = {isa = PBXFileReference; lastKnownFileType = sourcecode.swift; path = ProductService.swift; sourceTree = "<group>"; };
		EFA4859322C9979E00267804 /* ProductListView.swift */ = {isa = PBXFileReference; lastKnownFileType = sourcecode.swift; path = ProductListView.swift; sourceTree = "<group>"; };
		EFA4859522C997AC00267804 /* ProductListViewModel.swift */ = {isa = PBXFileReference; lastKnownFileType = sourcecode.swift; path = ProductListViewModel.swift; sourceTree = "<group>"; };
		EFA4859A22C99F7100267804 /* ProductCellView.swift */ = {isa = PBXFileReference; lastKnownFileType = sourcecode.swift; path = ProductCellView.swift; sourceTree = "<group>"; };
		EFA4859C22C9ABD500267804 /* ProductDetailViewController.swift */ = {isa = PBXFileReference; lastKnownFileType = sourcecode.swift; path = ProductDetailViewController.swift; sourceTree = "<group>"; };
		EFA4859E22C9ABDF00267804 /* ProductDetailViewModel.swift */ = {isa = PBXFileReference; lastKnownFileType = sourcecode.swift; path = ProductDetailViewModel.swift; sourceTree = "<group>"; };
		EFA485A022C9ABE600267804 /* ProductDetailView.swift */ = {isa = PBXFileReference; lastKnownFileType = sourcecode.swift; path = ProductDetailView.swift; sourceTree = "<group>"; };
		EFA485A222C9AC2F00267804 /* ProductListAdapter.swift */ = {isa = PBXFileReference; lastKnownFileType = sourcecode.swift; path = ProductListAdapter.swift; sourceTree = "<group>"; };
		EFAF39BD22C84C8800D0DC52 /* MeliProducts.app */ = {isa = PBXFileReference; explicitFileType = wrapper.application; includeInIndex = 0; path = MeliProducts.app; sourceTree = BUILT_PRODUCTS_DIR; };
		EFAF39C022C84C8800D0DC52 /* AppDelegate.swift */ = {isa = PBXFileReference; lastKnownFileType = sourcecode.swift; path = AppDelegate.swift; sourceTree = "<group>"; };
		EFAF39C222C84C8800D0DC52 /* ProductListViewController.swift */ = {isa = PBXFileReference; lastKnownFileType = sourcecode.swift; path = ProductListViewController.swift; sourceTree = "<group>"; };
		EFAF39C722C84C8A00D0DC52 /* Assets.xcassets */ = {isa = PBXFileReference; lastKnownFileType = folder.assetcatalog; path = Assets.xcassets; sourceTree = "<group>"; };
		EFAF39CA22C84C8A00D0DC52 /* Base */ = {isa = PBXFileReference; lastKnownFileType = file.storyboard; name = Base; path = Base.lproj/LaunchScreen.storyboard; sourceTree = "<group>"; };
		EFAF39CC22C84C8A00D0DC52 /* Info.plist */ = {isa = PBXFileReference; lastKnownFileType = text.plist.xml; path = Info.plist; sourceTree = "<group>"; };
		EFAF39D122C84C8A00D0DC52 /* MeliProductsTests.xctest */ = {isa = PBXFileReference; explicitFileType = wrapper.cfbundle; includeInIndex = 0; path = MeliProductsTests.xctest; sourceTree = BUILT_PRODUCTS_DIR; };
		EFAF39D522C84C8A00D0DC52 /* MeliProductsTests.swift */ = {isa = PBXFileReference; lastKnownFileType = sourcecode.swift; path = MeliProductsTests.swift; sourceTree = "<group>"; };
		EFAF39D722C84C8A00D0DC52 /* Info.plist */ = {isa = PBXFileReference; lastKnownFileType = text.plist.xml; path = Info.plist; sourceTree = "<group>"; };
		EFB5C2D022D3BF51009183A5 /* EmptyListView.swift */ = {isa = PBXFileReference; lastKnownFileType = sourcecode.swift; path = EmptyListView.swift; sourceTree = "<group>"; };
		EFD9E8CC22CC11650065DF12 /* UIColor+AppColors.swift */ = {isa = PBXFileReference; fileEncoding = 4; lastKnownFileType = sourcecode.swift; path = "UIColor+AppColors.swift"; sourceTree = "<group>"; };
		EFD9E8D122CC14020065DF12 /* ViewCodable.swift */ = {isa = PBXFileReference; lastKnownFileType = sourcecode.swift; path = ViewCodable.swift; sourceTree = "<group>"; };
		EFDC808E22CC1DAC00463583 /* Picture.swift */ = {isa = PBXFileReference; lastKnownFileType = sourcecode.swift; path = Picture.swift; sourceTree = "<group>"; };
		EFE9248222D41D9000611AF5 /* LoadingView.swift */ = {isa = PBXFileReference; lastKnownFileType = sourcecode.swift; path = LoadingView.swift; sourceTree = "<group>"; };
		EFE9248422D41E2100611AF5 /* LoadingView+UIViewController.swift */ = {isa = PBXFileReference; lastKnownFileType = sourcecode.swift; path = "LoadingView+UIViewController.swift"; sourceTree = "<group>"; };
		EFE9248622D4579600611AF5 /* TvSearch.json */ = {isa = PBXFileReference; lastKnownFileType = text.json; path = TvSearch.json; sourceTree = "<group>"; };
		EFE9248722D45AEE00611AF5 /* Loader.swift */ = {isa = PBXFileReference; lastKnownFileType = sourcecode.swift; path = Loader.swift; sourceTree = "<group>"; };
/* End PBXFileReference section */

/* Begin PBXFrameworksBuildPhase section */
		EFAF39BA22C84C8800D0DC52 /* Frameworks */ = {
			isa = PBXFrameworksBuildPhase;
			buildActionMask = 2147483647;
			files = (
				DBAC6EC05B4FF379DEFF9BE6 /* Pods_MeliProducts.framework in Frameworks */,
			);
			runOnlyForDeploymentPostprocessing = 0;
		};
		EFAF39CE22C84C8A00D0DC52 /* Frameworks */ = {
			isa = PBXFrameworksBuildPhase;
			buildActionMask = 2147483647;
			files = (
				5386F0E619A723EFF199BB26 /* Pods_MeliProductsTests.framework in Frameworks */,
			);
			runOnlyForDeploymentPostprocessing = 0;
		};
/* End PBXFrameworksBuildPhase section */

/* Begin PBXGroup section */
		44F78759D1315A5D8C3FBFC8 /* Pods */ = {
			isa = PBXGroup;
			children = (
				58BCF3CF3483590B68981CCB /* Pods-MeliProducts.debug.xcconfig */,
				78FA58174BB509144F0C51D7 /* Pods-MeliProducts.release.xcconfig */,
				B3CF499E3FFF61A658F7E9B5 /* Pods-MeliProductsTests.debug.xcconfig */,
				9510264ACB4909D722120565 /* Pods-MeliProductsTests.release.xcconfig */,
				6EB6E42A3AF352F74561EF4E /* Pods-MeliProducts.develop.xcconfig */,
				AD96AA43B4524B05E55AEA31 /* Pods-MeliProducts.deploy.xcconfig */,
				0C7449433C30D7AEEC0280FA /* Pods-MeliProductsTests.develop.xcconfig */,
				321EE9DD74A5E22BC2BEC055 /* Pods-MeliProductsTests.deploy.xcconfig */,
			);
			path = Pods;
			sourceTree = "<group>";
		};
		BB5958B977F3364A89B8D7D9 /* Frameworks */ = {
			isa = PBXGroup;
			children = (
				98769A6A324F76F54A7B6502 /* Pods_MeliProducts.framework */,
				B4DB3318A41BE45BC6A8152F /* Pods_MeliProductsTests.framework */,
			);
			name = Frameworks;
			sourceTree = "<group>";
		};
		EF28CC1F22C8AE2200BBBCBA /* Model */ = {
			isa = PBXGroup;
			children = (
				EF28CC2022C8AE3100BBBCBA /* Product.swift */,
				EF39BFCE22C94A8800BE9F2D /* ProductList.swift */,
				EFDC808E22CC1DAC00463583 /* Picture.swift */,
			);
			path = Model;
			sourceTree = "<group>";
		};
		EF2AF68622D11C040071B00F /* ProductList */ = {
			isa = PBXGroup;
			children = (
				EF2AF68822D11C320071B00F /* ProductListViewControllerSpec.swift */,
			);
			path = ProductList;
			sourceTree = "<group>";
		};
		EF2AF68A22D11CEA0071B00F /* ProductDetail */ = {
			isa = PBXGroup;
			children = (
				EF2AF68B22D11D080071B00F /* ProductDetailViewControllerSpec.swift */,
			);
			path = ProductDetail;
			sourceTree = "<group>";
		};
		EF39BFC922C8D08A00BE9F2D /* Service */ = {
			isa = PBXGroup;
			children = (
				EF39BFCA22C8D19200BE9F2D /* ProductServiceMock.swift */,
				EFE9248922D45AF800611AF5 /* Helper */,
			);
			path = Service;
			sourceTree = "<group>";
		};
		EF5A0D4F22CADA30004BF9E3 /* Controller */ = {
			isa = PBXGroup;
			children = (
				EFA4859C22C9ABD500267804 /* ProductDetailViewController.swift */,
			);
			path = Controller;
			sourceTree = "<group>";
		};
		EF5A0D5022CADA36004BF9E3 /* ViewModel */ = {
			isa = PBXGroup;
			children = (
				EFA4859E22C9ABDF00267804 /* ProductDetailViewModel.swift */,
			);
			path = ViewModel;
			sourceTree = "<group>";
		};
		EF5A0D5122CADA3D004BF9E3 /* View */ = {
			isa = PBXGroup;
			children = (
				EFA485A022C9ABE600267804 /* ProductDetailView.swift */,
			);
			path = View;
			sourceTree = "<group>";
		};
		EF5A0D5222CADAA2004BF9E3 /* Coordinator */ = {
			isa = PBXGroup;
			children = (
				EF5A0D5322CADB0A004BF9E3 /* Coordinator.swift */,
				EF5A0D5522CADB1B004BF9E3 /* AppCoordinator.swift */,
			);
			path = Coordinator;
			sourceTree = "<group>";
		};
		EF9CC82A22C8825D0012D810 /* Service */ = {
			isa = PBXGroup;
			children = (
				EFA4859222C97A4F00267804 /* Product */,
				EF9CC82D22C883FF0012D810 /* ApiClient.swift */,
				EF9CC83322C88D7A0012D810 /* Router.swift */,
				EF28CC1C22C8A1B200BBBCBA /* EnvironmentSetting.swift */,
			);
			path = Service;
			sourceTree = "<group>";
		};
		EFA4859222C97A4F00267804 /* Product */ = {
			isa = PBXGroup;
			children = (
				EF9CC83722C88DA40012D810 /* ProductService.swift */,
				EF9CC83522C88D8E0012D810 /* ProductRouter.swift */,
				EF39BFCC22C8D1D400BE9F2D /* ProductServiceProtocol.swift */,
				EF28CC1F22C8AE2200BBBCBA /* Model */,
			);
			path = Product;
			sourceTree = "<group>";
		};
		EFAF39B422C84C8800D0DC52 = {
			isa = PBXGroup;
			children = (
				EFAF39BF22C84C8800D0DC52 /* MeliProducts */,
				EFAF39D422C84C8A00D0DC52 /* MeliProductsTests */,
				EFAF39BE22C84C8800D0DC52 /* Products */,
				44F78759D1315A5D8C3FBFC8 /* Pods */,
				BB5958B977F3364A89B8D7D9 /* Frameworks */,
			);
			sourceTree = "<group>";
		};
		EFAF39BE22C84C8800D0DC52 /* Products */ = {
			isa = PBXGroup;
			children = (
				EFAF39BD22C84C8800D0DC52 /* MeliProducts.app */,
				EFAF39D122C84C8A00D0DC52 /* MeliProductsTests.xctest */,
			);
			name = Products;
			sourceTree = "<group>";
		};
		EFAF39BF22C84C8800D0DC52 /* MeliProducts */ = {
			isa = PBXGroup;
			children = (
				EFD9E8CE22CC13900065DF12 /* View */,
				EF5A0D5222CADAA2004BF9E3 /* Coordinator */,
				EFAF39E022C84CF300D0DC52 /* App */,
				EF9CC82A22C8825D0012D810 /* Service */,
				EFAF39E122C84CFD00D0DC52 /* ProductList */,
				EFAF39E222C84D0400D0DC52 /* ProductDetail */,
			);
			path = MeliProducts;
			sourceTree = "<group>";
		};
		EFAF39D422C84C8A00D0DC52 /* MeliProductsTests */ = {
			isa = PBXGroup;
			children = (
				EFE9248A22D45B6B00611AF5 /* Resource */,
				EF2AF68A22D11CEA0071B00F /* ProductDetail */,
				EF2AF68622D11C040071B00F /* ProductList */,
				EF39BFC922C8D08A00BE9F2D /* Service */,
				EFAF39D522C84C8A00D0DC52 /* MeliProductsTests.swift */,
				EFAF39D722C84C8A00D0DC52 /* Info.plist */,
			);
			path = MeliProductsTests;
			sourceTree = "<group>";
		};
		EFAF39E022C84CF300D0DC52 /* App */ = {
			isa = PBXGroup;
			children = (
				EFAF39C722C84C8A00D0DC52 /* Assets.xcassets */,
				EFAF39C022C84C8800D0DC52 /* AppDelegate.swift */,
				EFAF39C922C84C8A00D0DC52 /* LaunchScreen.storyboard */,
				EFAF39CC22C84C8A00D0DC52 /* Info.plist */,
			);
			path = App;
			sourceTree = "<group>";
		};
		EFAF39E122C84CFD00D0DC52 /* ProductList */ = {
			isa = PBXGroup;
			children = (
				EFAF39E322C84D0F00D0DC52 /* Controllers */,
				EFAF39E522C84D3000D0DC52 /* ViewModel */,
				EFAF39E422C84D1600D0DC52 /* View */,
			);
			path = ProductList;
			sourceTree = "<group>";
		};
		EFAF39E222C84D0400D0DC52 /* ProductDetail */ = {
			isa = PBXGroup;
			children = (
				EF5A0D4F22CADA30004BF9E3 /* Controller */,
				EF5A0D5022CADA36004BF9E3 /* ViewModel */,
				EF5A0D5122CADA3D004BF9E3 /* View */,
			);
			path = ProductDetail;
			sourceTree = "<group>";
		};
		EFAF39E322C84D0F00D0DC52 /* Controllers */ = {
			isa = PBXGroup;
			children = (
				EFAF39C222C84C8800D0DC52 /* ProductListViewController.swift */,
			);
			path = Controllers;
			sourceTree = "<group>";
		};
		EFAF39E422C84D1600D0DC52 /* View */ = {
			isa = PBXGroup;
			children = (
				EFA4859322C9979E00267804 /* ProductListView.swift */,
				EFA4859A22C99F7100267804 /* ProductCellView.swift */,
				EFA485A222C9AC2F00267804 /* ProductListAdapter.swift */,
				EFB5C2D022D3BF51009183A5 /* EmptyListView.swift */,
				EFE9248222D41D9000611AF5 /* LoadingView.swift */,
				EFE9248422D41E2100611AF5 /* LoadingView+UIViewController.swift */,
			);
			path = View;
			sourceTree = "<group>";
		};
		EFAF39E522C84D3000D0DC52 /* ViewModel */ = {
			isa = PBXGroup;
			children = (
				EFA4859522C997AC00267804 /* ProductListViewModel.swift */,
			);
			path = ViewModel;
			sourceTree = "<group>";
		};
		EFD9E8CE22CC13900065DF12 /* View */ = {
			isa = PBXGroup;
			children = (
				EFD9E8D122CC14020065DF12 /* ViewCodable.swift */,
				EFD9E8CC22CC11650065DF12 /* UIColor+AppColors.swift */,
			);
			path = View;
			sourceTree = "<group>";
		};
		EFE9248922D45AF800611AF5 /* Helper */ = {
			isa = PBXGroup;
			children = (
				EFE9248722D45AEE00611AF5 /* Loader.swift */,
			);
			path = Helper;
			sourceTree = "<group>";
		};
		EFE9248A22D45B6B00611AF5 /* Resource */ = {
			isa = PBXGroup;
			children = (
				EFE9248622D4579600611AF5 /* TvSearch.json */,
			);
			path = Resource;
			sourceTree = "<group>";
		};
/* End PBXGroup section */

/* Begin PBXNativeTarget section */
		EFAF39BC22C84C8800D0DC52 /* MeliProducts */ = {
			isa = PBXNativeTarget;
			buildConfigurationList = EFAF39DA22C84C8A00D0DC52 /* Build configuration list for PBXNativeTarget "MeliProducts" */;
			buildPhases = (
				95EAE2166A582F73DF1DD28F /* [CP] Check Pods Manifest.lock */,
				EFAF39B922C84C8800D0DC52 /* Sources */,
				EFAF39BA22C84C8800D0DC52 /* Frameworks */,
				EFAF39BB22C84C8800D0DC52 /* Resources */,
				8A58F04FE9FF2959320B2DD0 /* [CP] Embed Pods Frameworks */,
			);
			buildRules = (
			);
			dependencies = (
			);
			name = MeliProducts;
			productName = MeliProducts;
			productReference = EFAF39BD22C84C8800D0DC52 /* MeliProducts.app */;
			productType = "com.apple.product-type.application";
		};
		EFAF39D022C84C8A00D0DC52 /* MeliProductsTests */ = {
			isa = PBXNativeTarget;
			buildConfigurationList = EFAF39DD22C84C8A00D0DC52 /* Build configuration list for PBXNativeTarget "MeliProductsTests" */;
			buildPhases = (
				203F5FB4E35649604FA80F24 /* [CP] Check Pods Manifest.lock */,
				EFAF39CD22C84C8A00D0DC52 /* Sources */,
				EFAF39CE22C84C8A00D0DC52 /* Frameworks */,
				EFAF39CF22C84C8A00D0DC52 /* Resources */,
				5A441BD50EEA0FEC551A5AED /* [CP] Embed Pods Frameworks */,
			);
			buildRules = (
			);
			dependencies = (
				EFAF39D322C84C8A00D0DC52 /* PBXTargetDependency */,
			);
			name = MeliProductsTests;
			productName = MeliProductsTests;
			productReference = EFAF39D122C84C8A00D0DC52 /* MeliProductsTests.xctest */;
			productType = "com.apple.product-type.bundle.unit-test";
		};
/* End PBXNativeTarget section */

/* Begin PBXProject section */
		EFAF39B522C84C8800D0DC52 /* Project object */ = {
			isa = PBXProject;
			attributes = {
				LastSwiftUpdateCheck = 1020;
				LastUpgradeCheck = 1020;
				ORGANIZATIONNAME = matheus.feola;
				TargetAttributes = {
					EFAF39BC22C84C8800D0DC52 = {
						CreatedOnToolsVersion = 10.2.1;
					};
					EFAF39D022C84C8A00D0DC52 = {
						CreatedOnToolsVersion = 10.2.1;
						TestTargetID = EFAF39BC22C84C8800D0DC52;
					};
				};
			};
			buildConfigurationList = EFAF39B822C84C8800D0DC52 /* Build configuration list for PBXProject "MeliProducts" */;
			compatibilityVersion = "Xcode 9.3";
			developmentRegion = en;
			hasScannedForEncodings = 0;
			knownRegions = (
				en,
				Base,
			);
			mainGroup = EFAF39B422C84C8800D0DC52;
			productRefGroup = EFAF39BE22C84C8800D0DC52 /* Products */;
			projectDirPath = "";
			projectRoot = "";
			targets = (
				EFAF39BC22C84C8800D0DC52 /* MeliProducts */,
				EFAF39D022C84C8A00D0DC52 /* MeliProductsTests */,
			);
		};
/* End PBXProject section */

/* Begin PBXResourcesBuildPhase section */
		EFAF39BB22C84C8800D0DC52 /* Resources */ = {
			isa = PBXResourcesBuildPhase;
			buildActionMask = 2147483647;
			files = (
				EFAF39CB22C84C8A00D0DC52 /* LaunchScreen.storyboard in Resources */,
				EFAF39C822C84C8A00D0DC52 /* Assets.xcassets in Resources */,
			);
			runOnlyForDeploymentPostprocessing = 0;
		};
		EFAF39CF22C84C8A00D0DC52 /* Resources */ = {
			isa = PBXResourcesBuildPhase;
			buildActionMask = 2147483647;
			files = (
				EFE9248B22D45CB900611AF5 /* TvSearch.json in Resources */,
			);
			runOnlyForDeploymentPostprocessing = 0;
		};
/* End PBXResourcesBuildPhase section */

/* Begin PBXShellScriptBuildPhase section */
		203F5FB4E35649604FA80F24 /* [CP] Check Pods Manifest.lock */ = {
			isa = PBXShellScriptBuildPhase;
			buildActionMask = 2147483647;
			files = (
			);
			inputFileListPaths = (
			);
			inputPaths = (
				"${PODS_PODFILE_DIR_PATH}/Podfile.lock",
				"${PODS_ROOT}/Manifest.lock",
			);
			name = "[CP] Check Pods Manifest.lock";
			outputFileListPaths = (
			);
			outputPaths = (
				"$(DERIVED_FILE_DIR)/Pods-MeliProductsTests-checkManifestLockResult.txt",
			);
			runOnlyForDeploymentPostprocessing = 0;
			shellPath = /bin/sh;
			shellScript = "diff \"${PODS_PODFILE_DIR_PATH}/Podfile.lock\" \"${PODS_ROOT}/Manifest.lock\" > /dev/null\nif [ $? != 0 ] ; then\n    # print error to STDERR\n    echo \"error: The sandbox is not in sync with the Podfile.lock. Run 'pod install' or update your CocoaPods installation.\" >&2\n    exit 1\nfi\n# This output is used by Xcode 'outputs' to avoid re-running this script phase.\necho \"SUCCESS\" > \"${SCRIPT_OUTPUT_FILE_0}\"\n";
			showEnvVarsInLog = 0;
		};
		5A441BD50EEA0FEC551A5AED /* [CP] Embed Pods Frameworks */ = {
			isa = PBXShellScriptBuildPhase;
			buildActionMask = 2147483647;
			files = (
			);
			inputFileListPaths = (
				"${PODS_ROOT}/Target Support Files/Pods-MeliProductsTests/Pods-MeliProductsTests-frameworks-${CONFIGURATION}-input-files.xcfilelist",
			);
			name = "[CP] Embed Pods Frameworks";
			outputFileListPaths = (
				"${PODS_ROOT}/Target Support Files/Pods-MeliProductsTests/Pods-MeliProductsTests-frameworks-${CONFIGURATION}-output-files.xcfilelist",
			);
			runOnlyForDeploymentPostprocessing = 0;
			shellPath = /bin/sh;
			shellScript = "\"${PODS_ROOT}/Target Support Files/Pods-MeliProductsTests/Pods-MeliProductsTests-frameworks.sh\"\n";
			showEnvVarsInLog = 0;
		};
		8A58F04FE9FF2959320B2DD0 /* [CP] Embed Pods Frameworks */ = {
			isa = PBXShellScriptBuildPhase;
			buildActionMask = 2147483647;
			files = (
			);
			inputFileListPaths = (
				"${PODS_ROOT}/Target Support Files/Pods-MeliProducts/Pods-MeliProducts-frameworks-${CONFIGURATION}-input-files.xcfilelist",
			);
			name = "[CP] Embed Pods Frameworks";
			outputFileListPaths = (
				"${PODS_ROOT}/Target Support Files/Pods-MeliProducts/Pods-MeliProducts-frameworks-${CONFIGURATION}-output-files.xcfilelist",
			);
			runOnlyForDeploymentPostprocessing = 0;
			shellPath = /bin/sh;
			shellScript = "\"${PODS_ROOT}/Target Support Files/Pods-MeliProducts/Pods-MeliProducts-frameworks.sh\"\n";
			showEnvVarsInLog = 0;
		};
		95EAE2166A582F73DF1DD28F /* [CP] Check Pods Manifest.lock */ = {
			isa = PBXShellScriptBuildPhase;
			buildActionMask = 2147483647;
			files = (
			);
			inputFileListPaths = (
			);
			inputPaths = (
				"${PODS_PODFILE_DIR_PATH}/Podfile.lock",
				"${PODS_ROOT}/Manifest.lock",
			);
			name = "[CP] Check Pods Manifest.lock";
			outputFileListPaths = (
			);
			outputPaths = (
				"$(DERIVED_FILE_DIR)/Pods-MeliProducts-checkManifestLockResult.txt",
			);
			runOnlyForDeploymentPostprocessing = 0;
			shellPath = /bin/sh;
			shellScript = "diff \"${PODS_PODFILE_DIR_PATH}/Podfile.lock\" \"${PODS_ROOT}/Manifest.lock\" > /dev/null\nif [ $? != 0 ] ; then\n    # print error to STDERR\n    echo \"error: The sandbox is not in sync with the Podfile.lock. Run 'pod install' or update your CocoaPods installation.\" >&2\n    exit 1\nfi\n# This output is used by Xcode 'outputs' to avoid re-running this script phase.\necho \"SUCCESS\" > \"${SCRIPT_OUTPUT_FILE_0}\"\n";
			showEnvVarsInLog = 0;
		};
/* End PBXShellScriptBuildPhase section */

/* Begin PBXSourcesBuildPhase section */
		EFAF39B922C84C8800D0DC52 /* Sources */ = {
			isa = PBXSourcesBuildPhase;
			buildActionMask = 2147483647;
			files = (
				EFA4859B22C99F7100267804 /* ProductCellView.swift in Sources */,
				EFD9E8D222CC14020065DF12 /* ViewCodable.swift in Sources */,
				EFA4859422C9979E00267804 /* ProductListView.swift in Sources */,
				EFE9248522D41E2100611AF5 /* LoadingView+UIViewController.swift in Sources */,
				EFA4859D22C9ABD500267804 /* ProductDetailViewController.swift in Sources */,
				EFA485A122C9ABE600267804 /* ProductDetailView.swift in Sources */,
				EFE9248322D41D9000611AF5 /* LoadingView.swift in Sources */,
				EF9CC83822C88DA40012D810 /* ProductService.swift in Sources */,
				EFD9E8CD22CC11650065DF12 /* UIColor+AppColors.swift in Sources */,
				EFA485A322C9AC2F00267804 /* ProductListAdapter.swift in Sources */,
				EF5A0D5622CADB1B004BF9E3 /* AppCoordinator.swift in Sources */,
				EFA4859622C997AC00267804 /* ProductListViewModel.swift in Sources */,
				EF39BFCF22C94A8800BE9F2D /* ProductList.swift in Sources */,
				EF28CC2122C8AE3100BBBCBA /* Product.swift in Sources */,
				EFA4859F22C9ABDF00267804 /* ProductDetailViewModel.swift in Sources */,
				EF5A0D5422CADB0A004BF9E3 /* Coordinator.swift in Sources */,
				EFDC808F22CC1DAC00463583 /* Picture.swift in Sources */,
				EFAF39C322C84C8800D0DC52 /* ProductListViewController.swift in Sources */,
				EFAF39C122C84C8800D0DC52 /* AppDelegate.swift in Sources */,
				EF9CC83422C88D7A0012D810 /* Router.swift in Sources */,
				EF9CC83622C88D8E0012D810 /* ProductRouter.swift in Sources */,
				EF39BFCD22C8D1D400BE9F2D /* ProductServiceProtocol.swift in Sources */,
				EF28CC1D22C8A1B200BBBCBA /* EnvironmentSetting.swift in Sources */,
				EF9CC82E22C883FF0012D810 /* ApiClient.swift in Sources */,
				EFB5C2D122D3BF51009183A5 /* EmptyListView.swift in Sources */,
			);
			runOnlyForDeploymentPostprocessing = 0;
		};
		EFAF39CD22C84C8A00D0DC52 /* Sources */ = {
			isa = PBXSourcesBuildPhase;
			buildActionMask = 2147483647;
			files = (
				EF2AF68922D11C320071B00F /* ProductListViewControllerSpec.swift in Sources */,
				EFAF39D622C84C8A00D0DC52 /* MeliProductsTests.swift in Sources */,
				EF2AF68C22D11D080071B00F /* ProductDetailViewControllerSpec.swift in Sources */,
				EF39BFCB22C8D19200BE9F2D /* ProductServiceMock.swift in Sources */,
				EFE9248822D45AEE00611AF5 /* Loader.swift in Sources */,
			);
			runOnlyForDeploymentPostprocessing = 0;
		};
/* End PBXSourcesBuildPhase section */

/* Begin PBXTargetDependency section */
		EFAF39D322C84C8A00D0DC52 /* PBXTargetDependency */ = {
			isa = PBXTargetDependency;
			target = EFAF39BC22C84C8800D0DC52 /* MeliProducts */;
			targetProxy = EFAF39D222C84C8A00D0DC52 /* PBXContainerItemProxy */;
		};
/* End PBXTargetDependency section */

/* Begin PBXVariantGroup section */
		EFAF39C922C84C8A00D0DC52 /* LaunchScreen.storyboard */ = {
			isa = PBXVariantGroup;
			children = (
				EFAF39CA22C84C8A00D0DC52 /* Base */,
			);
			name = LaunchScreen.storyboard;
			sourceTree = "<group>";
		};
/* End PBXVariantGroup section */

/* Begin XCBuildConfiguration section */
		EF9CC83922C89C840012D810 /* Develop */ = {
			isa = XCBuildConfiguration;
			buildSettings = {
				ALWAYS_SEARCH_USER_PATHS = NO;
				BASE_URL = "https://api.mercadolibre.com/";
				CLANG_ANALYZER_NONNULL = YES;
				CLANG_ANALYZER_NUMBER_OBJECT_CONVERSION = YES_AGGRESSIVE;
				CLANG_CXX_LANGUAGE_STANDARD = "gnu++14";
				CLANG_CXX_LIBRARY = "libc++";
				CLANG_ENABLE_MODULES = YES;
				CLANG_ENABLE_OBJC_ARC = YES;
				CLANG_ENABLE_OBJC_WEAK = YES;
				CLANG_WARN_BLOCK_CAPTURE_AUTORELEASING = YES;
				CLANG_WARN_BOOL_CONVERSION = YES;
				CLANG_WARN_COMMA = YES;
				CLANG_WARN_CONSTANT_CONVERSION = YES;
				CLANG_WARN_DEPRECATED_OBJC_IMPLEMENTATIONS = YES;
				CLANG_WARN_DIRECT_OBJC_ISA_USAGE = YES_ERROR;
				CLANG_WARN_DOCUMENTATION_COMMENTS = YES;
				CLANG_WARN_EMPTY_BODY = YES;
				CLANG_WARN_ENUM_CONVERSION = YES;
				CLANG_WARN_INFINITE_RECURSION = YES;
				CLANG_WARN_INT_CONVERSION = YES;
				CLANG_WARN_NON_LITERAL_NULL_CONVERSION = YES;
				CLANG_WARN_OBJC_IMPLICIT_RETAIN_SELF = YES;
				CLANG_WARN_OBJC_LITERAL_CONVERSION = YES;
				CLANG_WARN_OBJC_ROOT_CLASS = YES_ERROR;
				CLANG_WARN_RANGE_LOOP_ANALYSIS = YES;
				CLANG_WARN_STRICT_PROTOTYPES = YES;
				CLANG_WARN_SUSPICIOUS_MOVE = YES;
				CLANG_WARN_UNGUARDED_AVAILABILITY = YES_AGGRESSIVE;
				CLANG_WARN_UNREACHABLE_CODE = YES;
				CLANG_WARN__DUPLICATE_METHOD_MATCH = YES;
				CODE_SIGN_IDENTITY = "iPhone Developer";
				COPY_PHASE_STRIP = NO;
				DEBUG_INFORMATION_FORMAT = dwarf;
				ENABLE_STRICT_OBJC_MSGSEND = YES;
				ENABLE_TESTABILITY = YES;
				GCC_C_LANGUAGE_STANDARD = gnu11;
				GCC_DYNAMIC_NO_PIC = NO;
				GCC_NO_COMMON_BLOCKS = YES;
				GCC_OPTIMIZATION_LEVEL = 0;
				GCC_PREPROCESSOR_DEFINITIONS = (
					"DEBUG=1",
					"$(inherited)",
				);
				GCC_WARN_64_TO_32_BIT_CONVERSION = YES;
				GCC_WARN_ABOUT_RETURN_TYPE = YES_ERROR;
				GCC_WARN_UNDECLARED_SELECTOR = YES;
				GCC_WARN_UNINITIALIZED_AUTOS = YES_AGGRESSIVE;
				GCC_WARN_UNUSED_FUNCTION = YES;
				GCC_WARN_UNUSED_VARIABLE = YES;
				IPHONEOS_DEPLOYMENT_TARGET = 12.2;
				MTL_ENABLE_DEBUG_INFO = INCLUDE_SOURCE;
				MTL_FAST_MATH = YES;
				ONLY_ACTIVE_ARCH = YES;
				SDKROOT = iphoneos;
				SWIFT_ACTIVE_COMPILATION_CONDITIONS = DEBUG;
				SWIFT_OPTIMIZATION_LEVEL = "-Onone";
			};
			name = Develop;
		};
		EF9CC83A22C89C840012D810 /* Develop */ = {
			isa = XCBuildConfiguration;
			baseConfigurationReference = 6EB6E42A3AF352F74561EF4E /* Pods-MeliProducts.develop.xcconfig */;
			buildSettings = {
				ASSETCATALOG_COMPILER_APPICON_NAME = AppIcon;
				CODE_SIGN_STYLE = Automatic;
				DEVELOPMENT_TEAM = 9H92U9K5JQ;
				INFOPLIST_FILE = "$(SRCROOT)/MeliProducts/App/Info.plist";
				LD_RUNPATH_SEARCH_PATHS = (
					"$(inherited)",
					"@executable_path/Frameworks",
				);
				PRODUCT_BUNDLE_IDENTIFIER = br.com.matheusfeola.MeliProducts;
				PRODUCT_NAME = "$(TARGET_NAME)";
				SWIFT_VERSION = 5.0;
				TARGETED_DEVICE_FAMILY = "1,2";
			};
			name = Develop;
		};
		EF9CC83B22C89C840012D810 /* Develop */ = {
			isa = XCBuildConfiguration;
			baseConfigurationReference = 0C7449433C30D7AEEC0280FA /* Pods-MeliProductsTests.develop.xcconfig */;
			buildSettings = {
				BUNDLE_LOADER = "$(TEST_HOST)";
				CODE_SIGN_STYLE = Automatic;
				DEVELOPMENT_TEAM = 9H92U9K5JQ;
				INFOPLIST_FILE = MeliProductsTests/Info.plist;
				LD_RUNPATH_SEARCH_PATHS = (
					"$(inherited)",
					"@executable_path/Frameworks",
					"@loader_path/Frameworks",
				);
				PRODUCT_BUNDLE_IDENTIFIER = br.com.matheusfeola.MeliProductsTests;
				PRODUCT_NAME = "$(TARGET_NAME)";
				SWIFT_VERSION = 5.0;
				TARGETED_DEVICE_FAMILY = "1,2";
				TEST_HOST = "$(BUILT_PRODUCTS_DIR)/MeliProducts.app/MeliProducts";
			};
			name = Develop;
		};
		EF9CC83C22C89C960012D810 /* Deploy */ = {
			isa = XCBuildConfiguration;
			buildSettings = {
				ALWAYS_SEARCH_USER_PATHS = NO;
				BASE_URL = "https://api.mercadolibre.com/";
				CLANG_ANALYZER_NONNULL = YES;
				CLANG_ANALYZER_NUMBER_OBJECT_CONVERSION = YES_AGGRESSIVE;
				CLANG_CXX_LANGUAGE_STANDARD = "gnu++14";
				CLANG_CXX_LIBRARY = "libc++";
				CLANG_ENABLE_MODULES = YES;
				CLANG_ENABLE_OBJC_ARC = YES;
				CLANG_ENABLE_OBJC_WEAK = YES;
				CLANG_WARN_BLOCK_CAPTURE_AUTORELEASING = YES;
				CLANG_WARN_BOOL_CONVERSION = YES;
				CLANG_WARN_COMMA = YES;
				CLANG_WARN_CONSTANT_CONVERSION = YES;
				CLANG_WARN_DEPRECATED_OBJC_IMPLEMENTATIONS = YES;
				CLANG_WARN_DIRECT_OBJC_ISA_USAGE = YES_ERROR;
				CLANG_WARN_DOCUMENTATION_COMMENTS = YES;
				CLANG_WARN_EMPTY_BODY = YES;
				CLANG_WARN_ENUM_CONVERSION = YES;
				CLANG_WARN_INFINITE_RECURSION = YES;
				CLANG_WARN_INT_CONVERSION = YES;
				CLANG_WARN_NON_LITERAL_NULL_CONVERSION = YES;
				CLANG_WARN_OBJC_IMPLICIT_RETAIN_SELF = YES;
				CLANG_WARN_OBJC_LITERAL_CONVERSION = YES;
				CLANG_WARN_OBJC_ROOT_CLASS = YES_ERROR;
				CLANG_WARN_RANGE_LOOP_ANALYSIS = YES;
				CLANG_WARN_STRICT_PROTOTYPES = YES;
				CLANG_WARN_SUSPICIOUS_MOVE = YES;
				CLANG_WARN_UNGUARDED_AVAILABILITY = YES_AGGRESSIVE;
				CLANG_WARN_UNREACHABLE_CODE = YES;
				CLANG_WARN__DUPLICATE_METHOD_MATCH = YES;
				CODE_SIGN_IDENTITY = "iPhone Developer";
				COPY_PHASE_STRIP = NO;
				DEBUG_INFORMATION_FORMAT = "dwarf-with-dsym";
				ENABLE_NS_ASSERTIONS = NO;
				ENABLE_STRICT_OBJC_MSGSEND = YES;
				GCC_C_LANGUAGE_STANDARD = gnu11;
				GCC_NO_COMMON_BLOCKS = YES;
				GCC_WARN_64_TO_32_BIT_CONVERSION = YES;
				GCC_WARN_ABOUT_RETURN_TYPE = YES_ERROR;
				GCC_WARN_UNDECLARED_SELECTOR = YES;
				GCC_WARN_UNINITIALIZED_AUTOS = YES_AGGRESSIVE;
				GCC_WARN_UNUSED_FUNCTION = YES;
				GCC_WARN_UNUSED_VARIABLE = YES;
				IPHONEOS_DEPLOYMENT_TARGET = 12.2;
				MTL_ENABLE_DEBUG_INFO = NO;
				MTL_FAST_MATH = YES;
				SDKROOT = iphoneos;
				SWIFT_COMPILATION_MODE = wholemodule;
				SWIFT_OPTIMIZATION_LEVEL = "-O";
				VALIDATE_PRODUCT = YES;
			};
			name = Deploy;
		};
		EF9CC83D22C89C960012D810 /* Deploy */ = {
			isa = XCBuildConfiguration;
			baseConfigurationReference = AD96AA43B4524B05E55AEA31 /* Pods-MeliProducts.deploy.xcconfig */;
			buildSettings = {
				ASSETCATALOG_COMPILER_APPICON_NAME = AppIcon;
				CODE_SIGN_STYLE = Automatic;
				DEVELOPMENT_TEAM = 9H92U9K5JQ;
				INFOPLIST_FILE = "$(SRCROOT)/MeliProducts/App/Info.plist";
				LD_RUNPATH_SEARCH_PATHS = (
					"$(inherited)",
					"@executable_path/Frameworks",
				);
				PRODUCT_BUNDLE_IDENTIFIER = br.com.matheusfeola.MeliProducts;
				PRODUCT_NAME = "$(TARGET_NAME)";
				SWIFT_VERSION = 5.0;
				TARGETED_DEVICE_FAMILY = "1,2";
			};
			name = Deploy;
		};
		EF9CC83E22C89C960012D810 /* Deploy */ = {
			isa = XCBuildConfiguration;
			baseConfigurationReference = 321EE9DD74A5E22BC2BEC055 /* Pods-MeliProductsTests.deploy.xcconfig */;
			buildSettings = {
				BUNDLE_LOADER = "$(TEST_HOST)";
				CODE_SIGN_STYLE = Automatic;
				DEVELOPMENT_TEAM = 9H92U9K5JQ;
				INFOPLIST_FILE = MeliProductsTests/Info.plist;
				LD_RUNPATH_SEARCH_PATHS = (
					"$(inherited)",
					"@executable_path/Frameworks",
					"@loader_path/Frameworks",
				);
				PRODUCT_BUNDLE_IDENTIFIER = br.com.matheusfeola.MeliProductsTests;
				PRODUCT_NAME = "$(TARGET_NAME)";
				SWIFT_VERSION = 5.0;
				TARGETED_DEVICE_FAMILY = "1,2";
				TEST_HOST = "$(BUILT_PRODUCTS_DIR)/MeliProducts.app/MeliProducts";
			};
			name = Deploy;
		};
		EFAF39D822C84C8A00D0DC52 /* Debug */ = {
			isa = XCBuildConfiguration;
			buildSettings = {
				ALWAYS_SEARCH_USER_PATHS = NO;
				BASE_URL = "https://api.mercadolibre.com/";
				CLANG_ANALYZER_NONNULL = YES;
				CLANG_ANALYZER_NUMBER_OBJECT_CONVERSION = YES_AGGRESSIVE;
				CLANG_CXX_LANGUAGE_STANDARD = "gnu++14";
				CLANG_CXX_LIBRARY = "libc++";
				CLANG_ENABLE_MODULES = YES;
				CLANG_ENABLE_OBJC_ARC = YES;
				CLANG_ENABLE_OBJC_WEAK = YES;
				CLANG_WARN_BLOCK_CAPTURE_AUTORELEASING = YES;
				CLANG_WARN_BOOL_CONVERSION = YES;
				CLANG_WARN_COMMA = YES;
				CLANG_WARN_CONSTANT_CONVERSION = YES;
				CLANG_WARN_DEPRECATED_OBJC_IMPLEMENTATIONS = YES;
				CLANG_WARN_DIRECT_OBJC_ISA_USAGE = YES_ERROR;
				CLANG_WARN_DOCUMENTATION_COMMENTS = YES;
				CLANG_WARN_EMPTY_BODY = YES;
				CLANG_WARN_ENUM_CONVERSION = YES;
				CLANG_WARN_INFINITE_RECURSION = YES;
				CLANG_WARN_INT_CONVERSION = YES;
				CLANG_WARN_NON_LITERAL_NULL_CONVERSION = YES;
				CLANG_WARN_OBJC_IMPLICIT_RETAIN_SELF = YES;
				CLANG_WARN_OBJC_LITERAL_CONVERSION = YES;
				CLANG_WARN_OBJC_ROOT_CLASS = YES_ERROR;
				CLANG_WARN_RANGE_LOOP_ANALYSIS = YES;
				CLANG_WARN_STRICT_PROTOTYPES = YES;
				CLANG_WARN_SUSPICIOUS_MOVE = YES;
				CLANG_WARN_UNGUARDED_AVAILABILITY = YES_AGGRESSIVE;
				CLANG_WARN_UNREACHABLE_CODE = YES;
				CLANG_WARN__DUPLICATE_METHOD_MATCH = YES;
				CODE_SIGN_IDENTITY = "iPhone Developer";
				COPY_PHASE_STRIP = NO;
				DEBUG_INFORMATION_FORMAT = dwarf;
				ENABLE_STRICT_OBJC_MSGSEND = YES;
				ENABLE_TESTABILITY = YES;
				GCC_C_LANGUAGE_STANDARD = gnu11;
				GCC_DYNAMIC_NO_PIC = NO;
				GCC_NO_COMMON_BLOCKS = YES;
				GCC_OPTIMIZATION_LEVEL = 0;
				GCC_PREPROCESSOR_DEFINITIONS = (
					"DEBUG=1",
					"$(inherited)",
				);
				GCC_WARN_64_TO_32_BIT_CONVERSION = YES;
				GCC_WARN_ABOUT_RETURN_TYPE = YES_ERROR;
				GCC_WARN_UNDECLARED_SELECTOR = YES;
				GCC_WARN_UNINITIALIZED_AUTOS = YES_AGGRESSIVE;
				GCC_WARN_UNUSED_FUNCTION = YES;
				GCC_WARN_UNUSED_VARIABLE = YES;
				IPHONEOS_DEPLOYMENT_TARGET = 12.2;
				MTL_ENABLE_DEBUG_INFO = INCLUDE_SOURCE;
				MTL_FAST_MATH = YES;
				ONLY_ACTIVE_ARCH = YES;
				SDKROOT = iphoneos;
				SWIFT_ACTIVE_COMPILATION_CONDITIONS = DEBUG;
				SWIFT_OPTIMIZATION_LEVEL = "-Onone";
			};
			name = Debug;
		};
		EFAF39D922C84C8A00D0DC52 /* Release */ = {
			isa = XCBuildConfiguration;
			buildSettings = {
				ALWAYS_SEARCH_USER_PATHS = NO;
				BASE_URL = "https://api.mercadolibre.com/";
				CLANG_ANALYZER_NONNULL = YES;
				CLANG_ANALYZER_NUMBER_OBJECT_CONVERSION = YES_AGGRESSIVE;
				CLANG_CXX_LANGUAGE_STANDARD = "gnu++14";
				CLANG_CXX_LIBRARY = "libc++";
				CLANG_ENABLE_MODULES = YES;
				CLANG_ENABLE_OBJC_ARC = YES;
				CLANG_ENABLE_OBJC_WEAK = YES;
				CLANG_WARN_BLOCK_CAPTURE_AUTORELEASING = YES;
				CLANG_WARN_BOOL_CONVERSION = YES;
				CLANG_WARN_COMMA = YES;
				CLANG_WARN_CONSTANT_CONVERSION = YES;
				CLANG_WARN_DEPRECATED_OBJC_IMPLEMENTATIONS = YES;
				CLANG_WARN_DIRECT_OBJC_ISA_USAGE = YES_ERROR;
				CLANG_WARN_DOCUMENTATION_COMMENTS = YES;
				CLANG_WARN_EMPTY_BODY = YES;
				CLANG_WARN_ENUM_CONVERSION = YES;
				CLANG_WARN_INFINITE_RECURSION = YES;
				CLANG_WARN_INT_CONVERSION = YES;
				CLANG_WARN_NON_LITERAL_NULL_CONVERSION = YES;
				CLANG_WARN_OBJC_IMPLICIT_RETAIN_SELF = YES;
				CLANG_WARN_OBJC_LITERAL_CONVERSION = YES;
				CLANG_WARN_OBJC_ROOT_CLASS = YES_ERROR;
				CLANG_WARN_RANGE_LOOP_ANALYSIS = YES;
				CLANG_WARN_STRICT_PROTOTYPES = YES;
				CLANG_WARN_SUSPICIOUS_MOVE = YES;
				CLANG_WARN_UNGUARDED_AVAILABILITY = YES_AGGRESSIVE;
				CLANG_WARN_UNREACHABLE_CODE = YES;
				CLANG_WARN__DUPLICATE_METHOD_MATCH = YES;
				CODE_SIGN_IDENTITY = "iPhone Developer";
				COPY_PHASE_STRIP = NO;
				DEBUG_INFORMATION_FORMAT = "dwarf-with-dsym";
				ENABLE_NS_ASSERTIONS = NO;
				ENABLE_STRICT_OBJC_MSGSEND = YES;
				GCC_C_LANGUAGE_STANDARD = gnu11;
				GCC_NO_COMMON_BLOCKS = YES;
				GCC_WARN_64_TO_32_BIT_CONVERSION = YES;
				GCC_WARN_ABOUT_RETURN_TYPE = YES_ERROR;
				GCC_WARN_UNDECLARED_SELECTOR = YES;
				GCC_WARN_UNINITIALIZED_AUTOS = YES_AGGRESSIVE;
				GCC_WARN_UNUSED_FUNCTION = YES;
				GCC_WARN_UNUSED_VARIABLE = YES;
				IPHONEOS_DEPLOYMENT_TARGET = 12.2;
				MTL_ENABLE_DEBUG_INFO = NO;
				MTL_FAST_MATH = YES;
				SDKROOT = iphoneos;
				SWIFT_COMPILATION_MODE = wholemodule;
				SWIFT_OPTIMIZATION_LEVEL = "-O";
				VALIDATE_PRODUCT = YES;
			};
			name = Release;
		};
		EFAF39DB22C84C8A00D0DC52 /* Debug */ = {
			isa = XCBuildConfiguration;
			baseConfigurationReference = 58BCF3CF3483590B68981CCB /* Pods-MeliProducts.debug.xcconfig */;
			buildSettings = {
				ASSETCATALOG_COMPILER_APPICON_NAME = AppIcon;
				CODE_SIGN_STYLE = Automatic;
				DEVELOPMENT_TEAM = 9H92U9K5JQ;
				INFOPLIST_FILE = "$(SRCROOT)/MeliProducts/App/Info.plist";
				LD_RUNPATH_SEARCH_PATHS = (
					"$(inherited)",
					"@executable_path/Frameworks",
				);
				PRODUCT_BUNDLE_IDENTIFIER = br.com.matheusfeola.MeliProducts;
				PRODUCT_NAME = "$(TARGET_NAME)";
				SWIFT_VERSION = 5.0;
				TARGETED_DEVICE_FAMILY = "1,2";
			};
			name = Debug;
		};
		EFAF39DC22C84C8A00D0DC52 /* Release */ = {
			isa = XCBuildConfiguration;
			baseConfigurationReference = 78FA58174BB509144F0C51D7 /* Pods-MeliProducts.release.xcconfig */;
			buildSettings = {
				ASSETCATALOG_COMPILER_APPICON_NAME = AppIcon;
				CODE_SIGN_STYLE = Automatic;
				DEVELOPMENT_TEAM = 9H92U9K5JQ;
				INFOPLIST_FILE = "$(SRCROOT)/MeliProducts/App/Info.plist";
				LD_RUNPATH_SEARCH_PATHS = (
					"$(inherited)",
					"@executable_path/Frameworks",
				);
				PRODUCT_BUNDLE_IDENTIFIER = br.com.matheusfeola.MeliProducts;
				PRODUCT_NAME = "$(TARGET_NAME)";
				SWIFT_VERSION = 5.0;
				TARGETED_DEVICE_FAMILY = "1,2";
			};
			name = Release;
		};
		EFAF39DE22C84C8A00D0DC52 /* Debug */ = {
			isa = XCBuildConfiguration;
			baseConfigurationReference = B3CF499E3FFF61A658F7E9B5 /* Pods-MeliProductsTests.debug.xcconfig */;
			buildSettings = {
				BUNDLE_LOADER = "$(TEST_HOST)";
				CODE_SIGN_STYLE = Automatic;
				DEVELOPMENT_TEAM = 9H92U9K5JQ;
				INFOPLIST_FILE = MeliProductsTests/Info.plist;
				LD_RUNPATH_SEARCH_PATHS = (
					"$(inherited)",
					"@executable_path/Frameworks",
					"@loader_path/Frameworks",
				);
				PRODUCT_BUNDLE_IDENTIFIER = br.com.matheusfeola.MeliProductsTests;
				PRODUCT_NAME = "$(TARGET_NAME)";
				SWIFT_VERSION = 5.0;
				TARGETED_DEVICE_FAMILY = "1,2";
				TEST_HOST = "$(BUILT_PRODUCTS_DIR)/MeliProducts.app/MeliProducts";
			};
			name = Debug;
		};
		EFAF39DF22C84C8A00D0DC52 /* Release */ = {
			isa = XCBuildConfiguration;
			baseConfigurationReference = 9510264ACB4909D722120565 /* Pods-MeliProductsTests.release.xcconfig */;
			buildSettings = {
				BUNDLE_LOADER = "$(TEST_HOST)";
				CODE_SIGN_STYLE = Automatic;
				DEVELOPMENT_TEAM = 9H92U9K5JQ;
				INFOPLIST_FILE = MeliProductsTests/Info.plist;
				LD_RUNPATH_SEARCH_PATHS = (
					"$(inherited)",
					"@executable_path/Frameworks",
					"@loader_path/Frameworks",
				);
				PRODUCT_BUNDLE_IDENTIFIER = br.com.matheusfeola.MeliProductsTests;
				PRODUCT_NAME = "$(TARGET_NAME)";
				SWIFT_VERSION = 5.0;
				TARGETED_DEVICE_FAMILY = "1,2";
				TEST_HOST = "$(BUILT_PRODUCTS_DIR)/MeliProducts.app/MeliProducts";
			};
			name = Release;
		};
/* End XCBuildConfiguration section */

/* Begin XCConfigurationList section */
		EFAF39B822C84C8800D0DC52 /* Build configuration list for PBXProject "MeliProducts" */ = {
			isa = XCConfigurationList;
			buildConfigurations = (
				EFAF39D822C84C8A00D0DC52 /* Debug */,
				EF9CC83922C89C840012D810 /* Develop */,
				EFAF39D922C84C8A00D0DC52 /* Release */,
				EF9CC83C22C89C960012D810 /* Deploy */,
			);
			defaultConfigurationIsVisible = 0;
			defaultConfigurationName = Release;
		};
		EFAF39DA22C84C8A00D0DC52 /* Build configuration list for PBXNativeTarget "MeliProducts" */ = {
			isa = XCConfigurationList;
			buildConfigurations = (
				EFAF39DB22C84C8A00D0DC52 /* Debug */,
				EF9CC83A22C89C840012D810 /* Develop */,
				EFAF39DC22C84C8A00D0DC52 /* Release */,
				EF9CC83D22C89C960012D810 /* Deploy */,
			);
			defaultConfigurationIsVisible = 0;
			defaultConfigurationName = Release;
		};
		EFAF39DD22C84C8A00D0DC52 /* Build configuration list for PBXNativeTarget "MeliProductsTests" */ = {
			isa = XCConfigurationList;
			buildConfigurations = (
				EFAF39DE22C84C8A00D0DC52 /* Debug */,
				EF9CC83B22C89C840012D810 /* Develop */,
				EFAF39DF22C84C8A00D0DC52 /* Release */,
				EF9CC83E22C89C960012D810 /* Deploy */,
			);
			defaultConfigurationIsVisible = 0;
			defaultConfigurationName = Release;
		};
/* End XCConfigurationList section */
	};
	rootObject = EFAF39B522C84C8800D0DC52 /* Project object */;
}
